
Microsoft Visual Studio Solution File, Format Version 12.00
# Visual Studio Version 17
VisualStudioVersion = 17.3.32825.248
MinimumVisualStudioVersion = 10.0.40219.1
Project("{FAE04EC0-301F-11D3-BF4B-00C04F79EFBC}") = "lab_2", "lab_2\lab_2.csproj", "{91A7DB5C-CED2-4FBE-B790-04168A3E84B3}"
EndProject
Project("{2150E333-8FDC-42A3-9474-1A3956D46DE8}") = "Элементы решения", "Элементы решения", "{18B35A9C-2B6F-44CD-A6EA-189E5A863D21}"
	ProjectSection(SolutionItems) = preProject
		Win32.cs = Win32.cs
	EndProjectSection
EndProject
Global
	GlobalSection(SolutionConfigurationPlatforms) = preSolution
		Debug|Any CPU = Debug|Any CPU
		Release|Any CPU = Release|Any CPU
	EndGlobalSection
	GlobalSection(ProjectConfigurationPlatforms) = postSolution
		{91A7DB5C-CED2-4FBE-B790-04168A3E84B3}.Debug|Any CPU.ActiveCfg = Debug|Any CPU
		{91A7DB5C-CED2-4FBE-B790-04168A3E84B3}.Debug|Any CPU.Build.0 = Debug|Any CPU
		{91A7DB5C-CED2-4FBE-B790-04168A3E84B3}.Release|Any CPU.ActiveCfg = Release|Any CPU
		{91A7DB5C-CED2-4FBE-B790-04168A3E84B3}.Release|Any CPU.Build.0 = Release|Any CPU
	EndGlobalSection
	GlobalSection(SolutionProperties) = preSolution
		HideSolutionNode = FALSE
	EndGlobalSection
	GlobalSection(ExtensibilityGlobals) = postSolution
		SolutionGuid = {B2E1CFFF-D9C7-4B58-85ED-C23FF1FD1EB8}
	EndGlobalSection
EndGlobal
